
Microsoft Visual Studio Solution File, Format Version 12.00
# Visual Studio Version 16
VisualStudioVersion = 16.0.30621.155
MinimumVisualStudioVersion = 10.0.40219.1
Project("{FAE04EC0-301F-11D3-BF4B-00C04F79EFBC}") = "ThirteenthMod", "ThirteenthMod.csproj", "{91AF0C18-446C-46E9-8955-96FAB5AA973B}"
EndProject
Global
	GlobalSection(SolutionConfigurationPlatforms) = preSolution
		Debug|Any CPU = Debug|Any CPU
		Release|Any CPU = Release|Any CPU
	EndGlobalSection
	GlobalSection(ProjectConfigurationPlatforms) = postSolution
		{91AF0C18-446C-46E9-8955-96FAB5AA973B}.Debug|Any CPU.ActiveCfg = Debug|Any CPU
		{91AF0C18-446C-46E9-8955-96FAB5AA973B}.Debug|Any CPU.Build.0 = Debug|Any CPU
		{91AF0C18-446C-46E9-8955-96FAB5AA973B}.Release|Any CPU.ActiveCfg = Release|Any CPU
		{91AF0C18-446C-46E9-8955-96FAB5AA973B}.Release|Any CPU.Build.0 = Release|Any CPU
	EndGlobalSection
	GlobalSection(SolutionProperties) = preSolution
		HideSolutionNode = FALSE
	EndGlobalSection
	GlobalSection(ExtensibilityGlobals) = postSolution
		SolutionGuid = {BFA25764-EBD6-47E1-87DB-90C5936C4D0A}
	EndGlobalSection
EndGlobal
